// !$*UTF8*$!
{
	archiveVersion = 1;
	classes = {
	};
	objectVersion = 56;
	objects = {

/* Begin PBXBuildFile section */
		0D13DE472C4E4EB2006F9D88 /* FullScreenView.swift in Sources */ = {isa = PBXBuildFile; fileRef = 0D13DE462C4E4EB2006F9D88 /* FullScreenView.swift */; };
		0D13DE492C4E56D5006F9D88 /* TabListView.swift in Sources */ = {isa = PBXBuildFile; fileRef = 0D13DE482C4E56D5006F9D88 /* TabListView.swift */; };
		0D2758022C4E1AE50079F911 /* Brower_TabsApp.swift in Sources */ = {isa = PBXBuildFile; fileRef = 0D2758012C4E1AE50079F911 /* Brower_TabsApp.swift */; };
		0D2758042C4E1AE50079F911 /* ContentView.swift in Sources */ = {isa = PBXBuildFile; fileRef = 0D2758032C4E1AE50079F911 /* ContentView.swift */; };
		0D2758062C4E1AE60079F911 /* Assets.xcassets in Resources */ = {isa = PBXBuildFile; fileRef = 0D2758052C4E1AE60079F911 /* Assets.xcassets */; };
		0D2758092C4E1AE60079F911 /* Preview Assets.xcassets in Resources */ = {isa = PBXBuildFile; fileRef = 0D2758082C4E1AE60079F911 /* Preview Assets.xcassets */; };
		0D2758122C4E1BF30079F911 /* Home.swift in Sources */ = {isa = PBXBuildFile; fileRef = 0D2758112C4E1BF30079F911 /* Home.swift */; };
		0D2758142C4E26700079F911 /* Tab.swift in Sources */ = {isa = PBXBuildFile; fileRef = 0D2758132C4E26700079F911 /* Tab.swift */; };
		0D2758162C4E28940079F911 /* WebView.swift in Sources */ = {isa = PBXBuildFile; fileRef = 0D2758152C4E28940079F911 /* WebView.swift */; };
/* End PBXBuildFile section */

/* Begin PBXFileReference section */
		0D13DE462C4E4EB2006F9D88 /* FullScreenView.swift */ = {isa = PBXFileReference; lastKnownFileType = sourcecode.swift; path = FullScreenView.swift; sourceTree = "<group>"; };
		0D13DE482C4E56D5006F9D88 /* TabListView.swift */ = {isa = PBXFileReference; lastKnownFileType = sourcecode.swift; path = TabListView.swift; sourceTree = "<group>"; };
		0D2757FE2C4E1AE50079F911 /* Brower Tabs.app */ = {isa = PBXFileReference; explicitFileType = wrapper.application; includeInIndex = 0; path = "Brower Tabs.app"; sourceTree = BUILT_PRODUCTS_DIR; };
		0D2758012C4E1AE50079F911 /* Brower_TabsApp.swift */ = {isa = PBXFileReference; lastKnownFileType = sourcecode.swift; path = Brower_TabsApp.swift; sourceTree = "<group>"; };
		0D2758032C4E1AE50079F911 /* ContentView.swift */ = {isa = PBXFileReference; lastKnownFileType = sourcecode.swift; path = ContentView.swift; sourceTree = "<group>"; };
		0D2758052C4E1AE60079F911 /* Assets.xcassets */ = {isa = PBXFileReference; lastKnownFileType = folder.assetcatalog; path = Assets.xcassets; sourceTree = "<group>"; };
		0D2758082C4E1AE60079F911 /* Preview Assets.xcassets */ = {isa = PBXFileReference; lastKnownFileType = folder.assetcatalog; path = "Preview Assets.xcassets"; sourceTree = "<group>"; };
		0D2758112C4E1BF30079F911 /* Home.swift */ = {isa = PBXFileReference; lastKnownFileType = sourcecode.swift; path = Home.swift; sourceTree = "<group>"; };
		0D2758132C4E26700079F911 /* Tab.swift */ = {isa = PBXFileReference; lastKnownFileType = sourcecode.swift; path = Tab.swift; sourceTree = "<group>"; };
		0D2758152C4E28940079F911 /* WebView.swift */ = {isa = PBXFileReference; lastKnownFileType = sourcecode.swift; path = WebView.swift; sourceTree = "<group>"; };
/* End PBXFileReference section */

/* Begin PBXFrameworksBuildPhase section */
		0D2757FB2C4E1AE50079F911 /* Frameworks */ = {
			isa = PBXFrameworksBuildPhase;
			buildActionMask = 2147483647;
			files = (
			);
			runOnlyForDeploymentPostprocessing = 0;
		};
/* End PBXFrameworksBuildPhase section */

/* Begin PBXGroup section */
		0D2757F52C4E1AE50079F911 = {
			isa = PBXGroup;
			children = (
				0D2758002C4E1AE50079F911 /* Brower Tabs */,
				0D2757FF2C4E1AE50079F911 /* Products */,
			);
			sourceTree = "<group>";
		};
		0D2757FF2C4E1AE50079F911 /* Products */ = {
			isa = PBXGroup;
			children = (
				0D2757FE2C4E1AE50079F911 /* Brower Tabs.app */,
			);
			name = Products;
			sourceTree = "<group>";
		};
		0D2758002C4E1AE50079F911 /* Brower Tabs */ = {
			isa = PBXGroup;
			children = (
				0D27580F2C4E1BB20079F911 /* Model */,
				0D2758102C4E1BBC0079F911 /* View */,
				0D2758012C4E1AE50079F911 /* Brower_TabsApp.swift */,
				0D2758032C4E1AE50079F911 /* ContentView.swift */,
				0D2758052C4E1AE60079F911 /* Assets.xcassets */,
				0D2758072C4E1AE60079F911 /* Preview Content */,
			);
			path = "Brower Tabs";
			sourceTree = "<group>";
		};
		0D2758072C4E1AE60079F911 /* Preview Content */ = {
			isa = PBXGroup;
			children = (
				0D2758082C4E1AE60079F911 /* Preview Assets.xcassets */,
			);
			path = "Preview Content";
			sourceTree = "<group>";
		};
		0D27580F2C4E1BB20079F911 /* Model */ = {
			isa = PBXGroup;
			children = (
				0D2758132C4E26700079F911 /* Tab.swift */,
				0D13DE482C4E56D5006F9D88 /* TabListView.swift */,
			);
			path = Model;
			sourceTree = "<group>";
		};
		0D2758102C4E1BBC0079F911 /* View */ = {
			isa = PBXGroup;
			children = (
				0D2758112C4E1BF30079F911 /* Home.swift */,
				0D2758152C4E28940079F911 /* WebView.swift */,
				0D13DE462C4E4EB2006F9D88 /* FullScreenView.swift */,
			);
			path = View;
			sourceTree = "<group>";
		};
/* End PBXGroup section */

/* Begin PBXNativeTarget section */
		0D2757FD2C4E1AE50079F911 /* Brower Tabs */ = {
			isa = PBXNativeTarget;
			buildConfigurationList = 0D27580C2C4E1AE60079F911 /* Build configuration list for PBXNativeTarget "Brower Tabs" */;
			buildPhases = (
				0D2757FA2C4E1AE50079F911 /* Sources */,
				0D2757FB2C4E1AE50079F911 /* Frameworks */,
				0D2757FC2C4E1AE50079F911 /* Resources */,
			);
			buildRules = (
			);
			dependencies = (
			);
			name = "Brower Tabs";
			productName = "Brower Tabs";
			productReference = 0D2757FE2C4E1AE50079F911 /* Brower Tabs.app */;
			productType = "com.apple.product-type.application";
		};
/* End PBXNativeTarget section */

/* Begin PBXProject section */
		0D2757F62C4E1AE50079F911 /* Project object */ = {
			isa = PBXProject;
			attributes = {
				BuildIndependentTargetsInParallel = 1;
				LastSwiftUpdateCheck = 1540;
				LastUpgradeCheck = 1540;
				TargetAttributes = {
					0D2757FD2C4E1AE50079F911 = {
						CreatedOnToolsVersion = 15.4;
					};
				};
			};
			buildConfigurationList = 0D2757F92C4E1AE50079F911 /* Build configuration list for PBXProject "Brower Tabs" */;
			compatibilityVersion = "Xcode 14.0";
			developmentRegion = en;
			hasScannedForEncodings = 0;
			knownRegions = (
				en,
				Base,
			);
			mainGroup = 0D2757F52C4E1AE50079F911;
			productRefGroup = 0D2757FF2C4E1AE50079F911 /* Products */;
			projectDirPath = "";
			projectRoot = "";
			targets = (
				0D2757FD2C4E1AE50079F911 /* Brower Tabs */,
			);
		};
/* End PBXProject section */

/* Begin PBXResourcesBuildPhase section */
		0D2757FC2C4E1AE50079F911 /* Resources */ = {
			isa = PBXResourcesBuildPhase;
			buildActionMask = 2147483647;
			files = (
				0D2758092C4E1AE60079F911 /* Preview Assets.xcassets in Resources */,
				0D2758062C4E1AE60079F911 /* Assets.xcassets in Resources */,
			);
			runOnlyForDeploymentPostprocessing = 0;
		};
/* End PBXResourcesBuildPhase section */

/* Begin PBXSourcesBuildPhase section */
		0D2757FA2C4E1AE50079F911 /* Sources */ = {
			isa = PBXSourcesBuildPhase;
			buildActionMask = 2147483647;
			files = (
				0D2758042C4E1AE50079F911 /* ContentView.swift in Sources */,
				0D2758162C4E28940079F911 /* WebView.swift in Sources */,
				0D2758122C4E1BF30079F911 /* Home.swift in Sources */,
				0D13DE492C4E56D5006F9D88 /* TabListView.swift in Sources */,
				0D2758022C4E1AE50079F911 /* Brower_TabsApp.swift in Sources */,
				0D2758142C4E26700079F911 /* Tab.swift in Sources */,
				0D13DE472C4E4EB2006F9D88 /* FullScreenView.swift in Sources */,
			);
			runOnlyForDeploymentPostprocessing = 0;
		};
/* End PBXSourcesBuildPhase section */

/* Begin XCBuildConfiguration section */
		0D27580A2C4E1AE60079F911 /* Debug */ = {
			isa = XCBuildConfiguration;
			buildSettings = {
				ALWAYS_SEARCH_USER_PATHS = NO;
				ASSETCATALOG_COMPILER_GENERATE_SWIFT_ASSET_SYMBOL_EXTENSIONS = YES;
				CLANG_ANALYZER_NONNULL = YES;
				CLANG_ANALYZER_NUMBER_OBJECT_CONVERSION = YES_AGGRESSIVE;
				CLANG_CXX_LANGUAGE_STANDARD = "gnu++20";
				CLANG_ENABLE_MODULES = YES;
				CLANG_ENABLE_OBJC_ARC = YES;
				CLANG_ENABLE_OBJC_WEAK = YES;
				CLANG_WARN_BLOCK_CAPTURE_AUTORELEASING = YES;
				CLANG_WARN_BOOL_CONVERSION = YES;
				CLANG_WARN_COMMA = YES;
				CLANG_WARN_CONSTANT_CONVERSION = YES;
				CLANG_WARN_DEPRECATED_OBJC_IMPLEMENTATIONS = YES;
				CLANG_WARN_DIRECT_OBJC_ISA_USAGE = YES_ERROR;
				CLANG_WARN_DOCUMENTATION_COMMENTS = YES;
				CLANG_WARN_EMPTY_BODY = YES;
				CLANG_WARN_ENUM_CONVERSION = YES;
				CLANG_WARN_INFINITE_RECURSION = YES;
				CLANG_WARN_INT_CONVERSION = YES;
				CLANG_WARN_NON_LITERAL_NULL_CONVERSION = YES;
				CLANG_WARN_OBJC_IMPLICIT_RETAIN_SELF = YES;
				CLANG_WARN_OBJC_LITERAL_CONVERSION = YES;
				CLANG_WARN_OBJC_ROOT_CLASS = YES_ERROR;
				CLANG_WARN_QUOTED_INCLUDE_IN_FRAMEWORK_HEADER = YES;
				CLANG_WARN_RANGE_LOOP_ANALYSIS = YES;
				CLANG_WARN_STRICT_PROTOTYPES = YES;
				CLANG_WARN_SUSPICIOUS_MOVE = YES;
				CLANG_WARN_UNGUARDED_AVAILABILITY = YES_AGGRESSIVE;
				CLANG_WARN_UNREACHABLE_CODE = YES;
				CLANG_WARN__DUPLICATE_METHOD_MATCH = YES;
				COPY_PHASE_STRIP = NO;
				DEBUG_INFORMATION_FORMAT = dwarf;
				ENABLE_STRICT_OBJC_MSGSEND = YES;
				ENABLE_TESTABILITY = YES;
				ENABLE_USER_SCRIPT_SANDBOXING = YES;
				GCC_C_LANGUAGE_STANDARD = gnu17;
				GCC_DYNAMIC_NO_PIC = NO;
				GCC_NO_COMMON_BLOCKS = YES;
				GCC_OPTIMIZATION_LEVEL = 0;
				GCC_PREPROCESSOR_DEFINITIONS = (
					"DEBUG=1",
					"$(inherited)",
				);
				GCC_WARN_64_TO_32_BIT_CONVERSION = YES;
				GCC_WARN_ABOUT_RETURN_TYPE = YES_ERROR;
				GCC_WARN_UNDECLARED_SELECTOR = YES;
				GCC_WARN_UNINITIALIZED_AUTOS = YES_AGGRESSIVE;
				GCC_WARN_UNUSED_FUNCTION = YES;
				GCC_WARN_UNUSED_VARIABLE = YES;
				IPHONEOS_DEPLOYMENT_TARGET = 17.5;
				LOCALIZATION_PREFERS_STRING_CATALOGS = YES;
				MTL_ENABLE_DEBUG_INFO = INCLUDE_SOURCE;
				MTL_FAST_MATH = YES;
				ONLY_ACTIVE_ARCH = YES;
				SDKROOT = iphoneos;
				SWIFT_ACTIVE_COMPILATION_CONDITIONS = "DEBUG $(inherited)";
				SWIFT_OPTIMIZATION_LEVEL = "-Onone";
			};
			name = Debug;
		};
		0D27580B2C4E1AE60079F911 /* Release */ = {
			isa = XCBuildConfiguration;
			buildSettings = {
				ALWAYS_SEARCH_USER_PATHS = NO;
				ASSETCATALOG_COMPILER_GENERATE_SWIFT_ASSET_SYMBOL_EXTENSIONS = YES;
				CLANG_ANALYZER_NONNULL = YES;
				CLANG_ANALYZER_NUMBER_OBJECT_CONVERSION = YES_AGGRESSIVE;
				CLANG_CXX_LANGUAGE_STANDARD = "gnu++20";
				CLANG_ENABLE_MODULES = YES;
				CLANG_ENABLE_OBJC_ARC = YES;
				CLANG_ENABLE_OBJC_WEAK = YES;
				CLANG_WARN_BLOCK_CAPTURE_AUTORELEASING = YES;
				CLANG_WARN_BOOL_CONVERSION = YES;
				CLANG_WARN_COMMA = YES;
				CLANG_WARN_CONSTANT_CONVERSION = YES;
				CLANG_WARN_DEPRECATED_OBJC_IMPLEMENTATIONS = YES;
				CLANG_WARN_DIRECT_OBJC_ISA_USAGE = YES_ERROR;
				CLANG_WARN_DOCUMENTATION_COMMENTS = YES;
				CLANG_WARN_EMPTY_BODY = YES;
				CLANG_WARN_ENUM_CONVERSION = YES;
				CLANG_WARN_INFINITE_RECURSION = YES;
				CLANG_WARN_INT_CONVERSION = YES;
				CLANG_WARN_NON_LITERAL_NULL_CONVERSION = YES;
				CLANG_WARN_OBJC_IMPLICIT_RETAIN_SELF = YES;
				CLANG_WARN_OBJC_LITERAL_CONVERSION = YES;
				CLANG_WARN_OBJC_ROOT_CLASS = YES_ERROR;
				CLANG_WARN_QUOTED_INCLUDE_IN_FRAMEWORK_HEADER = YES;
				CLANG_WARN_RANGE_LOOP_ANALYSIS = YES;
				CLANG_WARN_STRICT_PROTOTYPES = YES;
				CLANG_WARN_SUSPICIOUS_MOVE = YES;
				CLANG_WARN_UNGUARDED_AVAILABILITY = YES_AGGRESSIVE;
				CLANG_WARN_UNREACHABLE_CODE = YES;
				CLANG_WARN__DUPLICATE_METHOD_MATCH = YES;
				COPY_PHASE_STRIP = NO;
				DEBUG_INFORMATION_FORMAT = "dwarf-with-dsym";
				ENABLE_NS_ASSERTIONS = NO;
				ENABLE_STRICT_OBJC_MSGSEND = YES;
				ENABLE_USER_SCRIPT_SANDBOXING = YES;
				GCC_C_LANGUAGE_STANDARD = gnu17;
				GCC_NO_COMMON_BLOCKS = YES;
				GCC_WARN_64_TO_32_BIT_CONVERSION = YES;
				GCC_WARN_ABOUT_RETURN_TYPE = YES_ERROR;
				GCC_WARN_UNDECLARED_SELECTOR = YES;
				GCC_WARN_UNINITIALIZED_AUTOS = YES_AGGRESSIVE;
				GCC_WARN_UNUSED_FUNCTION = YES;
				GCC_WARN_UNUSED_VARIABLE = YES;
				IPHONEOS_DEPLOYMENT_TARGET = 17.5;
				LOCALIZATION_PREFERS_STRING_CATALOGS = YES;
				MTL_ENABLE_DEBUG_INFO = NO;
				MTL_FAST_MATH = YES;
				SDKROOT = iphoneos;
				SWIFT_COMPILATION_MODE = wholemodule;
				VALIDATE_PRODUCT = YES;
			};
			name = Release;
		};
		0D27580D2C4E1AE60079F911 /* Debug */ = {
			isa = XCBuildConfiguration;
			buildSettings = {
				ASSETCATALOG_COMPILER_APPICON_NAME = AppIcon;
				ASSETCATALOG_COMPILER_GLOBAL_ACCENT_COLOR_NAME = AccentColor;
				CODE_SIGN_STYLE = Automatic;
				CURRENT_PROJECT_VERSION = 1;
				DEVELOPMENT_ASSET_PATHS = "\"Brower Tabs/Preview Content\"";
				DEVELOPMENT_TEAM = H6BTLMU86X;
				ENABLE_PREVIEWS = YES;
				GENERATE_INFOPLIST_FILE = YES;
				INFOPLIST_KEY_UIApplicationSceneManifest_Generation = YES;
				INFOPLIST_KEY_UIApplicationSupportsIndirectInputEvents = YES;
				INFOPLIST_KEY_UILaunchScreen_Generation = YES;
				INFOPLIST_KEY_UISupportedInterfaceOrientations_iPad = "UIInterfaceOrientationPortrait UIInterfaceOrientationPortraitUpsideDown UIInterfaceOrientationLandscapeLeft UIInterfaceOrientationLandscapeRight";
				INFOPLIST_KEY_UISupportedInterfaceOrientations_iPhone = "UIInterfaceOrientationPortrait UIInterfaceOrientationLandscapeLeft UIInterfaceOrientationLandscapeRight";
				LD_RUNPATH_SEARCH_PATHS = (
					"$(inherited)",
					"@executable_path/Frameworks",
				);
				MARKETING_VERSION = 1.0;
				PRODUCT_BUNDLE_IDENTIFIER = "com.Brower-Tabs";
				PRODUCT_NAME = "$(TARGET_NAME)";
				SWIFT_EMIT_LOC_STRINGS = YES;
				SWIFT_VERSION = 5.0;
				TARGETED_DEVICE_FAMILY = "1,2";
			};
			name = Debug;
		};
		0D27580E2C4E1AE60079F911 /* Release */ = {
			isa = XCBuildConfiguration;
			buildSettings = {
				ASSETCATALOG_COMPILER_APPICON_NAME = AppIcon;
				ASSETCATALOG_COMPILER_GLOBAL_ACCENT_COLOR_NAME = AccentColor;
				CODE_SIGN_STYLE = Automatic;
				CURRENT_PROJECT_VERSION = 1;
				DEVELOPMENT_ASSET_PATHS = "\"Brower Tabs/Preview Content\"";
				DEVELOPMENT_TEAM = H6BTLMU86X;
				ENABLE_PREVIEWS = YES;
				GENERATE_INFOPLIST_FILE = YES;
				INFOPLIST_KEY_UIApplicationSceneManifest_Generation = YES;
				INFOPLIST_KEY_UIApplicationSupportsIndirectInputEvents = YES;
				INFOPLIST_KEY_UILaunchScreen_Generation = YES;
				INFOPLIST_KEY_UISupportedInterfaceOrientations_iPad = "UIInterfaceOrientationPortrait UIInterfaceOrientationPortraitUpsideDown UIInterfaceOrientationLandscapeLeft UIInterfaceOrientationLandscapeRight";
				INFOPLIST_KEY_UISupportedInterfaceOrientations_iPhone = "UIInterfaceOrientationPortrait UIInterfaceOrientationLandscapeLeft UIInterfaceOrientationLandscapeRight";
				LD_RUNPATH_SEARCH_PATHS = (
					"$(inherited)",
					"@executable_path/Frameworks",
				);
				MARKETING_VERSION = 1.0;
				PRODUCT_BUNDLE_IDENTIFIER = "com.Brower-Tabs";
				PRODUCT_NAME = "$(TARGET_NAME)";
				SWIFT_EMIT_LOC_STRINGS = YES;
				SWIFT_VERSION = 5.0;
				TARGETED_DEVICE_FAMILY = "1,2";
			};
			name = Release;
		};
/* End XCBuildConfiguration section */

/* Begin XCConfigurationList section */
		0D2757F92C4E1AE50079F911 /* Build configuration list for PBXProject "Brower Tabs" */ = {
			isa = XCConfigurationList;
			buildConfigurations = (
				0D27580A2C4E1AE60079F911 /* Debug */,
				0D27580B2C4E1AE60079F911 /* Release */,
			);
			defaultConfigurationIsVisible = 0;
			defaultConfigurationName = Release;
		};
		0D27580C2C4E1AE60079F911 /* Build configuration list for PBXNativeTarget "Brower Tabs" */ = {
			isa = XCConfigurationList;
			buildConfigurations = (
				0D27580D2C4E1AE60079F911 /* Debug */,
				0D27580E2C4E1AE60079F911 /* Release */,
			);
			defaultConfigurationIsVisible = 0;
			defaultConfigurationName = Release;
		};
/* End XCConfigurationList section */
	};
	rootObject = 0D2757F62C4E1AE50079F911 /* Project object */;
}
